// !$*UTF8*$!
{
	archiveVersion = 1;
	classes = {
	};
	objectVersion = 50;
	objects = {

/* Begin PBXBuildFile section */
		E9201E2D246FE226002D13D0 /* background.wav in Resources */ = {isa = PBXBuildFile; fileRef = E9201E2C246FE226002D13D0 /* background.wav */; };
		E9330BA6246AFEBE006D6A5F /* PlayerControllableComponent.swift in Sources */ = {isa = PBXBuildFile; fileRef = E9330BA5246AFEBE006D6A5F /* PlayerControllableComponent.swift */; };
		E9330BA8246B00EF006D6A5F /* Tappable.swift in Sources */ = {isa = PBXBuildFile; fileRef = E9330BA7246B00EF006D6A5F /* Tappable.swift */; };
		E93BB4EA246EA57400C9C2FB /* ScrollToAndRemoveComponent.swift in Sources */ = {isa = PBXBuildFile; fileRef = E93BB4E9246EA57400C9C2FB /* ScrollToAndRemoveComponent.swift */; };
		E93BB4EC246EAE0300C9C2FB /* ScoreComponent.swift in Sources */ = {isa = PBXBuildFile; fileRef = E93BB4EB246EAE0300C9C2FB /* ScoreComponent.swift */; };
		E93BB4EE246EC11400C9C2FB /* score.wav in Resources */ = {isa = PBXBuildFile; fileRef = E93BB4ED246EC11400C9C2FB /* score.wav */; };
		E93BB4F0246EC12600C9C2FB /* jump.wav in Resources */ = {isa = PBXBuildFile; fileRef = E93BB4EF246EC12600C9C2FB /* jump.wav */; };
		E93BB4F3246EFABC00C9C2FB /* Constant.swift in Sources */ = {isa = PBXBuildFile; fileRef = E93BB4F2246EFABC00C9C2FB /* Constant.swift */; };
		E93BB4F7246F0AA800C9C2FB /* BackgroundNode.swift in Sources */ = {isa = PBXBuildFile; fileRef = E93BB4F6246F0AA800C9C2FB /* BackgroundNode.swift */; };
		E93BB4F9246F0FE200C9C2FB /* GroundNode.swift in Sources */ = {isa = PBXBuildFile; fileRef = E93BB4F8246F0FE200C9C2FB /* GroundNode.swift */; };
		E93BB4FB246F158800C9C2FB /* hurt.wav in Resources */ = {isa = PBXBuildFile; fileRef = E93BB4FA246F158800C9C2FB /* hurt.wav */; };
		E9AFDF73246D883000EE6DFA /* BirdNode.swift in Sources */ = {isa = PBXBuildFile; fileRef = E9AFDF72246D883000EE6DFA /* BirdNode.swift */; };
		E9AFDF76246D89F500EE6DFA /* PipeNode.swift in Sources */ = {isa = PBXBuildFile; fileRef = E9AFDF75246D89F500EE6DFA /* PipeNode.swift */; };
		E9F42AA4246D86BF006CE544 /* ContactCategory.swift in Sources */ = {isa = PBXBuildFile; fileRef = E9F42AA3246D86BF006CE544 /* ContactCategory.swift */; };
		E9F4AAFB2469C895009C423F /* PlayState.swift in Sources */ = {isa = PBXBuildFile; fileRef = E9F4AAFA2469C895009C423F /* PlayState.swift */; };
		E9F4AAFD2469C92A009C423F /* StartState.swift in Sources */ = {isa = PBXBuildFile; fileRef = E9F4AAFC2469C92A009C423F /* StartState.swift */; };
		E9F4AAFF2469C974009C423F /* ScoreState.swift in Sources */ = {isa = PBXBuildFile; fileRef = E9F4AAFE2469C974009C423F /* ScoreState.swift */; };
		E9F4AB012469DBA3009C423F /* GeometryComponent.swift in Sources */ = {isa = PBXBuildFile; fileRef = E9F4AB002469DBA3009C423F /* GeometryComponent.swift */; };
		E9F4AB042469DC67009C423F /* InfiniteLoopComponent.swift in Sources */ = {isa = PBXBuildFile; fileRef = E9F4AB032469DC67009C423F /* InfiniteLoopComponent.swift */; };
		E9FBD57D246739A5009D59A6 /* AppDelegate.swift in Sources */ = {isa = PBXBuildFile; fileRef = E9FBD57C246739A5009D59A6 /* AppDelegate.swift */; };
		E9FBD583246739A5009D59A6 /* GameScene.swift in Sources */ = {isa = PBXBuildFile; fileRef = E9FBD582246739A5009D59A6 /* GameScene.swift */; };
		E9FBD585246739A5009D59A6 /* GameViewController.swift in Sources */ = {isa = PBXBuildFile; fileRef = E9FBD584246739A5009D59A6 /* GameViewController.swift */; };
		E9FBD588246739A5009D59A6 /* Main.storyboard in Resources */ = {isa = PBXBuildFile; fileRef = E9FBD586246739A5009D59A6 /* Main.storyboard */; };
		E9FBD58A246739AA009D59A6 /* Assets.xcassets in Resources */ = {isa = PBXBuildFile; fileRef = E9FBD589246739AA009D59A6 /* Assets.xcassets */; };
		E9FBD58D246739AA009D59A6 /* LaunchScreen.storyboard in Resources */ = {isa = PBXBuildFile; fileRef = E9FBD58B246739AA009D59A6 /* LaunchScreen.storyboard */; };
/* End PBXBuildFile section */

/* Begin PBXFileReference section */
		E9201E2C246FE226002D13D0 /* background.wav */ = {isa = PBXFileReference; lastKnownFileType = audio.wav; path = background.wav; sourceTree = "<group>"; };
		E9330BA5246AFEBE006D6A5F /* PlayerControllableComponent.swift */ = {isa = PBXFileReference; lastKnownFileType = sourcecode.swift; path = PlayerControllableComponent.swift; sourceTree = "<group>"; };
		E9330BA7246B00EF006D6A5F /* Tappable.swift */ = {isa = PBXFileReference; lastKnownFileType = sourcecode.swift; path = Tappable.swift; sourceTree = "<group>"; };
		E93BB4E9246EA57400C9C2FB /* ScrollToAndRemoveComponent.swift */ = {isa = PBXFileReference; lastKnownFileType = sourcecode.swift; path = ScrollToAndRemoveComponent.swift; sourceTree = "<group>"; };
		E93BB4EB246EAE0300C9C2FB /* ScoreComponent.swift */ = {isa = PBXFileReference; lastKnownFileType = sourcecode.swift; path = ScoreComponent.swift; sourceTree = "<group>"; };
		E93BB4ED246EC11400C9C2FB /* score.wav */ = {isa = PBXFileReference; lastKnownFileType = audio.wav; path = score.wav; sourceTree = "<group>"; };
		E93BB4EF246EC12600C9C2FB /* jump.wav */ = {isa = PBXFileReference; lastKnownFileType = audio.wav; path = jump.wav; sourceTree = "<group>"; };
		E93BB4F2246EFABC00C9C2FB /* Constant.swift */ = {isa = PBXFileReference; lastKnownFileType = sourcecode.swift; path = Constant.swift; sourceTree = "<group>"; };
		E93BB4F6246F0AA800C9C2FB /* BackgroundNode.swift */ = {isa = PBXFileReference; lastKnownFileType = sourcecode.swift; path = BackgroundNode.swift; sourceTree = "<group>"; };
		E93BB4F8246F0FE200C9C2FB /* GroundNode.swift */ = {isa = PBXFileReference; lastKnownFileType = sourcecode.swift; path = GroundNode.swift; sourceTree = "<group>"; };
		E93BB4FA246F158800C9C2FB /* hurt.wav */ = {isa = PBXFileReference; lastKnownFileType = audio.wav; path = hurt.wav; sourceTree = "<group>"; };
		E9AFDF72246D883000EE6DFA /* BirdNode.swift */ = {isa = PBXFileReference; lastKnownFileType = sourcecode.swift; path = BirdNode.swift; sourceTree = "<group>"; };
		E9AFDF75246D89F500EE6DFA /* PipeNode.swift */ = {isa = PBXFileReference; lastKnownFileType = sourcecode.swift; path = PipeNode.swift; sourceTree = "<group>"; };
		E9F42AA3246D86BF006CE544 /* ContactCategory.swift */ = {isa = PBXFileReference; lastKnownFileType = sourcecode.swift; path = ContactCategory.swift; sourceTree = "<group>"; };
		E9F4AAFA2469C895009C423F /* PlayState.swift */ = {isa = PBXFileReference; lastKnownFileType = sourcecode.swift; path = PlayState.swift; sourceTree = "<group>"; };
		E9F4AAFC2469C92A009C423F /* StartState.swift */ = {isa = PBXFileReference; lastKnownFileType = sourcecode.swift; path = StartState.swift; sourceTree = "<group>"; };
		E9F4AAFE2469C974009C423F /* ScoreState.swift */ = {isa = PBXFileReference; lastKnownFileType = sourcecode.swift; path = ScoreState.swift; sourceTree = "<group>"; };
		E9F4AB002469DBA3009C423F /* GeometryComponent.swift */ = {isa = PBXFileReference; lastKnownFileType = sourcecode.swift; path = GeometryComponent.swift; sourceTree = "<group>"; };
		E9F4AB032469DC67009C423F /* InfiniteLoopComponent.swift */ = {isa = PBXFileReference; lastKnownFileType = sourcecode.swift; path = InfiniteLoopComponent.swift; sourceTree = "<group>"; };
		E9FBD579246739A5009D59A6 /* JumpBird.app */ = {isa = PBXFileReference; explicitFileType = wrapper.application; includeInIndex = 0; path = JumpBird.app; sourceTree = BUILT_PRODUCTS_DIR; };
		E9FBD57C246739A5009D59A6 /* AppDelegate.swift */ = {isa = PBXFileReference; lastKnownFileType = sourcecode.swift; path = AppDelegate.swift; sourceTree = "<group>"; };
		E9FBD582246739A5009D59A6 /* GameScene.swift */ = {isa = PBXFileReference; lastKnownFileType = sourcecode.swift; path = GameScene.swift; sourceTree = "<group>"; };
		E9FBD584246739A5009D59A6 /* GameViewController.swift */ = {isa = PBXFileReference; lastKnownFileType = sourcecode.swift; path = GameViewController.swift; sourceTree = "<group>"; };
		E9FBD587246739A5009D59A6 /* Base */ = {isa = PBXFileReference; lastKnownFileType = file.storyboard; name = Base; path = Base.lproj/Main.storyboard; sourceTree = "<group>"; };
		E9FBD589246739AA009D59A6 /* Assets.xcassets */ = {isa = PBXFileReference; lastKnownFileType = folder.assetcatalog; path = Assets.xcassets; sourceTree = "<group>"; };
		E9FBD58C246739AA009D59A6 /* Base */ = {isa = PBXFileReference; lastKnownFileType = file.storyboard; name = Base; path = Base.lproj/LaunchScreen.storyboard; sourceTree = "<group>"; };
		E9FBD58E246739AA009D59A6 /* Info.plist */ = {isa = PBXFileReference; lastKnownFileType = text.plist.xml; path = Info.plist; sourceTree = "<group>"; };
/* End PBXFileReference section */

/* Begin PBXFrameworksBuildPhase section */
		E9FBD576246739A5009D59A6 /* Frameworks */ = {
			isa = PBXFrameworksBuildPhase;
			buildActionMask = 2147483647;
			files = (
			);
			runOnlyForDeploymentPostprocessing = 0;
		};
/* End PBXFrameworksBuildPhase section */

/* Begin PBXGroup section */
		E93BB4F1246EFAAC00C9C2FB /* Other */ = {
			isa = PBXGroup;
			children = (
				E9F42AA3246D86BF006CE544 /* ContactCategory.swift */,
				E93BB4F2246EFABC00C9C2FB /* Constant.swift */,
				E93BB4F4246EFAFA00C9C2FB /* Audio */,
			);
			path = Other;
			sourceTree = "<group>";
		};
		E93BB4F4246EFAFA00C9C2FB /* Audio */ = {
			isa = PBXGroup;
			children = (
				E9201E2C246FE226002D13D0 /* background.wav */,
				E93BB4FA246F158800C9C2FB /* hurt.wav */,
				E93BB4ED246EC11400C9C2FB /* score.wav */,
				E93BB4EF246EC12600C9C2FB /* jump.wav */,
			);
			path = Audio;
			sourceTree = "<group>";
		};
		E93BB4F5246EFB1500C9C2FB /* Supporting Files */ = {
			isa = PBXGroup;
			children = (
				E9FBD57C246739A5009D59A6 /* AppDelegate.swift */,
				E9FBD586246739A5009D59A6 /* Main.storyboard */,
				E9FBD589246739AA009D59A6 /* Assets.xcassets */,
				E9FBD58B246739AA009D59A6 /* LaunchScreen.storyboard */,
			);
			path = "Supporting Files";
			sourceTree = "<group>";
		};
		E9AFDF74246D89BD00EE6DFA /* Objects */ = {
			isa = PBXGroup;
			children = (
				E9AFDF72246D883000EE6DFA /* BirdNode.swift */,
				E9AFDF75246D89F500EE6DFA /* PipeNode.swift */,
				E93BB4F6246F0AA800C9C2FB /* BackgroundNode.swift */,
				E93BB4F8246F0FE200C9C2FB /* GroundNode.swift */,
			);
			path = Objects;
			sourceTree = "<group>";
		};
		E9F42AA5246D86F0006CE544 /* Protocols */ = {
			isa = PBXGroup;
			children = (
				E9330BA7246B00EF006D6A5F /* Tappable.swift */,
			);
			path = Protocols;
			sourceTree = "<group>";
		};
		E9F4AB022469DC50009C423F /* Components */ = {
			isa = PBXGroup;
			children = (
				E9F4AB002469DBA3009C423F /* GeometryComponent.swift */,
				E9F4AB032469DC67009C423F /* InfiniteLoopComponent.swift */,
				E9330BA5246AFEBE006D6A5F /* PlayerControllableComponent.swift */,
				E93BB4E9246EA57400C9C2FB /* ScrollToAndRemoveComponent.swift */,
				E93BB4EB246EAE0300C9C2FB /* ScoreComponent.swift */,
			);
			path = Components;
			sourceTree = "<group>";
		};
		E9F4AB052469DCED009C423F /* States */ = {
			isa = PBXGroup;
			children = (
				E9F4AAFC2469C92A009C423F /* StartState.swift */,
				E9F4AAFA2469C895009C423F /* PlayState.swift */,
				E9F4AAFE2469C974009C423F /* ScoreState.swift */,
			);
			path = States;
			sourceTree = "<group>";
		};
		E9FBD570246739A5009D59A6 = {
			isa = PBXGroup;
			children = (
				E9FBD57B246739A5009D59A6 /* JumpyBird */,
				E9FBD57A246739A5009D59A6 /* Products */,
			);
			sourceTree = "<group>";
		};
		E9FBD57A246739A5009D59A6 /* Products */ = {
			isa = PBXGroup;
			children = (
				E9FBD579246739A5009D59A6 /* JumpBird.app */,
			);
			name = Products;
			sourceTree = "<group>";
		};
		E9FBD57B246739A5009D59A6 /* JumpyBird */ = {
			isa = PBXGroup;
			children = (
				E9FBD582246739A5009D59A6 /* GameScene.swift */,
				E9FBD584246739A5009D59A6 /* GameViewController.swift */,
				E9AFDF74246D89BD00EE6DFA /* Objects */,
				E9F4AB052469DCED009C423F /* States */,
				E9F4AB022469DC50009C423F /* Components */,
				E9F42AA5246D86F0006CE544 /* Protocols */,
				E93BB4F5246EFB1500C9C2FB /* Supporting Files */,
				E93BB4F1246EFAAC00C9C2FB /* Other */,
				E9FBD58E246739AA009D59A6 /* Info.plist */,
			);
			path = JumpyBird;
			sourceTree = "<group>";
		};
/* End PBXGroup section */

/* Begin PBXNativeTarget section */
		E9FBD578246739A5009D59A6 /* JumpBird */ = {
			isa = PBXNativeTarget;
			buildConfigurationList = E9FBD591246739AA009D59A6 /* Build configuration list for PBXNativeTarget "JumpBird" */;
			buildPhases = (
				E9FBD575246739A5009D59A6 /* Sources */,
				E9FBD576246739A5009D59A6 /* Frameworks */,
				E9FBD577246739A5009D59A6 /* Resources */,
			);
			buildRules = (
			);
			dependencies = (
			);
			name = JumpBird;
			productName = SwiftChallenge;
			productReference = E9FBD579246739A5009D59A6 /* JumpBird.app */;
			productType = "com.apple.product-type.application";
		};
/* End PBXNativeTarget section */

/* Begin PBXProject section */
		E9FBD571246739A5009D59A6 /* Project object */ = {
			isa = PBXProject;
			attributes = {
				LastSwiftUpdateCheck = 1140;
				LastUpgradeCheck = 1140;
				ORGANIZATIONNAME = "Arsha Hassas";
				TargetAttributes = {
					E9FBD578246739A5009D59A6 = {
						CreatedOnToolsVersion = 11.4.1;
					};
				};
			};
			buildConfigurationList = E9FBD574246739A5009D59A6 /* Build configuration list for PBXProject "JumpBird" */;
			compatibilityVersion = "Xcode 9.3";
			developmentRegion = en;
			hasScannedForEncodings = 0;
			knownRegions = (
				en,
				Base,
			);
			mainGroup = E9FBD570246739A5009D59A6;
			productRefGroup = E9FBD57A246739A5009D59A6 /* Products */;
			projectDirPath = "";
			projectRoot = "";
			targets = (
				E9FBD578246739A5009D59A6 /* JumpBird */,
			);
		};
/* End PBXProject section */

/* Begin PBXResourcesBuildPhase section */
		E9FBD577246739A5009D59A6 /* Resources */ = {
			isa = PBXResourcesBuildPhase;
			buildActionMask = 2147483647;
			files = (
				E9FBD588246739A5009D59A6 /* Main.storyboard in Resources */,
				E9201E2D246FE226002D13D0 /* background.wav in Resources */,
				E93BB4EE246EC11400C9C2FB /* score.wav in Resources */,
				E93BB4F0246EC12600C9C2FB /* jump.wav in Resources */,
				E93BB4FB246F158800C9C2FB /* hurt.wav in Resources */,
				E9FBD58A246739AA009D59A6 /* Assets.xcassets in Resources */,
				E9FBD58D246739AA009D59A6 /* LaunchScreen.storyboard in Resources */,
			);
			runOnlyForDeploymentPostprocessing = 0;
		};
/* End PBXResourcesBuildPhase section */

/* Begin PBXSourcesBuildPhase section */
		E9FBD575246739A5009D59A6 /* Sources */ = {
			isa = PBXSourcesBuildPhase;
			buildActionMask = 2147483647;
			files = (
				E9F4AAFD2469C92A009C423F /* StartState.swift in Sources */,
				E9330BA6246AFEBE006D6A5F /* PlayerControllableComponent.swift in Sources */,
				E93BB4EA246EA57400C9C2FB /* ScrollToAndRemoveComponent.swift in Sources */,
				E93BB4EC246EAE0300C9C2FB /* ScoreComponent.swift in Sources */,
				E9F4AB042469DC67009C423F /* InfiniteLoopComponent.swift in Sources */,
				E9FBD583246739A5009D59A6 /* GameScene.swift in Sources */,
				E9330BA8246B00EF006D6A5F /* Tappable.swift in Sources */,
				E9F42AA4246D86BF006CE544 /* ContactCategory.swift in Sources */,
				E9F4AB012469DBA3009C423F /* GeometryComponent.swift in Sources */,
				E9F4AAFB2469C895009C423F /* PlayState.swift in Sources */,
				E93BB4F3246EFABC00C9C2FB /* Constant.swift in Sources */,
				E9FBD585246739A5009D59A6 /* GameViewController.swift in Sources */,
				E9AFDF76246D89F500EE6DFA /* PipeNode.swift in Sources */,
				E9F4AAFF2469C974009C423F /* ScoreState.swift in Sources */,
				E93BB4F9246F0FE200C9C2FB /* GroundNode.swift in Sources */,
				E9AFDF73246D883000EE6DFA /* BirdNode.swift in Sources */,
				E93BB4F7246F0AA800C9C2FB /* BackgroundNode.swift in Sources */,
				E9FBD57D246739A5009D59A6 /* AppDelegate.swift in Sources */,
			);
			runOnlyForDeploymentPostprocessing = 0;
		};
/* End PBXSourcesBuildPhase section */

/* Begin PBXVariantGroup section */
		E9FBD586246739A5009D59A6 /* Main.storyboard */ = {
			isa = PBXVariantGroup;
			children = (
				E9FBD587246739A5009D59A6 /* Base */,
			);
			name = Main.storyboard;
			sourceTree = "<group>";
		};
		E9FBD58B246739AA009D59A6 /* LaunchScreen.storyboard */ = {
			isa = PBXVariantGroup;
			children = (
				E9FBD58C246739AA009D59A6 /* Base */,
			);
			name = LaunchScreen.storyboard;
			sourceTree = "<group>";
		};
/* End PBXVariantGroup section */

/* Begin XCBuildConfiguration section */
		E9FBD58F246739AA009D59A6 /* Debug */ = {
			isa = XCBuildConfiguration;
			buildSettings = {
				ALWAYS_SEARCH_USER_PATHS = NO;
				CLANG_ANALYZER_NONNULL = YES;
				CLANG_ANALYZER_NUMBER_OBJECT_CONVERSION = YES_AGGRESSIVE;
				CLANG_CXX_LANGUAGE_STANDARD = "gnu++14";
				CLANG_CXX_LIBRARY = "libc++";
				CLANG_ENABLE_MODULES = YES;
				CLANG_ENABLE_OBJC_ARC = YES;
				CLANG_ENABLE_OBJC_WEAK = YES;
				CLANG_WARN_BLOCK_CAPTURE_AUTORELEASING = YES;
				CLANG_WARN_BOOL_CONVERSION = YES;
				CLANG_WARN_COMMA = YES;
				CLANG_WARN_CONSTANT_CONVERSION = YES;
				CLANG_WARN_DEPRECATED_OBJC_IMPLEMENTATIONS = YES;
				CLANG_WARN_DIRECT_OBJC_ISA_USAGE = YES_ERROR;
				CLANG_WARN_DOCUMENTATION_COMMENTS = YES;
				CLANG_WARN_EMPTY_BODY = YES;
				CLANG_WARN_ENUM_CONVERSION = YES;
				CLANG_WARN_INFINITE_RECURSION = YES;
				CLANG_WARN_INT_CONVERSION = YES;
				CLANG_WARN_NON_LITERAL_NULL_CONVERSION = YES;
				CLANG_WARN_OBJC_IMPLICIT_RETAIN_SELF = YES;
				CLANG_WARN_OBJC_LITERAL_CONVERSION = YES;
				CLANG_WARN_OBJC_ROOT_CLASS = YES_ERROR;
				CLANG_WARN_RANGE_LOOP_ANALYSIS = YES;
				CLANG_WARN_STRICT_PROTOTYPES = YES;
				CLANG_WARN_SUSPICIOUS_MOVE = YES;
				CLANG_WARN_UNGUARDED_AVAILABILITY = YES_AGGRESSIVE;
				CLANG_WARN_UNREACHABLE_CODE = YES;
				CLANG_WARN__DUPLICATE_METHOD_MATCH = YES;
				COPY_PHASE_STRIP = NO;
				DEBUG_INFORMATION_FORMAT = dwarf;
				ENABLE_STRICT_OBJC_MSGSEND = YES;
				ENABLE_TESTABILITY = YES;
				GCC_C_LANGUAGE_STANDARD = gnu11;
				GCC_DYNAMIC_NO_PIC = NO;
				GCC_NO_COMMON_BLOCKS = YES;
				GCC_OPTIMIZATION_LEVEL = 0;
				GCC_PREPROCESSOR_DEFINITIONS = (
					"DEBUG=1",
					"$(inherited)",
				);
				GCC_WARN_64_TO_32_BIT_CONVERSION = YES;
				GCC_WARN_ABOUT_RETURN_TYPE = YES_ERROR;
				GCC_WARN_UNDECLARED_SELECTOR = YES;
				GCC_WARN_UNINITIALIZED_AUTOS = YES_AGGRESSIVE;
				GCC_WARN_UNUSED_FUNCTION = YES;
				GCC_WARN_UNUSED_VARIABLE = YES;
				IPHONEOS_DEPLOYMENT_TARGET = 13.4;
				MTL_ENABLE_DEBUG_INFO = INCLUDE_SOURCE;
				MTL_FAST_MATH = YES;
				ONLY_ACTIVE_ARCH = YES;
				SDKROOT = iphoneos;
				SWIFT_ACTIVE_COMPILATION_CONDITIONS = DEBUG;
				SWIFT_OPTIMIZATION_LEVEL = "-Onone";
			};
			name = Debug;
		};
		E9FBD590246739AA009D59A6 /* Release */ = {
			isa = XCBuildConfiguration;
			buildSettings = {
				ALWAYS_SEARCH_USER_PATHS = NO;
				CLANG_ANALYZER_NONNULL = YES;
				CLANG_ANALYZER_NUMBER_OBJECT_CONVERSION = YES_AGGRESSIVE;
				CLANG_CXX_LANGUAGE_STANDARD = "gnu++14";
				CLANG_CXX_LIBRARY = "libc++";
				CLANG_ENABLE_MODULES = YES;
				CLANG_ENABLE_OBJC_ARC = YES;
				CLANG_ENABLE_OBJC_WEAK = YES;
				CLANG_WARN_BLOCK_CAPTURE_AUTORELEASING = YES;
				CLANG_WARN_BOOL_CONVERSION = YES;
				CLANG_WARN_COMMA = YES;
				CLANG_WARN_CONSTANT_CONVERSION = YES;
				CLANG_WARN_DEPRECATED_OBJC_IMPLEMENTATIONS = YES;
				CLANG_WARN_DIRECT_OBJC_ISA_USAGE = YES_ERROR;
				CLANG_WARN_DOCUMENTATION_COMMENTS = YES;
				CLANG_WARN_EMPTY_BODY = YES;
				CLANG_WARN_ENUM_CONVERSION = YES;
				CLANG_WARN_INFINITE_RECURSION = YES;
				CLANG_WARN_INT_CONVERSION = YES;
				CLANG_WARN_NON_LITERAL_NULL_CONVERSION = YES;
				CLANG_WARN_OBJC_IMPLICIT_RETAIN_SELF = YES;
				CLANG_WARN_OBJC_LITERAL_CONVERSION = YES;
				CLANG_WARN_OBJC_ROOT_CLASS = YES_ERROR;
				CLANG_WARN_RANGE_LOOP_ANALYSIS = YES;
				CLANG_WARN_STRICT_PROTOTYPES = YES;
				CLANG_WARN_SUSPICIOUS_MOVE = YES;
				CLANG_WARN_UNGUARDED_AVAILABILITY = YES_AGGRESSIVE;
				CLANG_WARN_UNREACHABLE_CODE = YES;
				CLANG_WARN__DUPLICATE_METHOD_MATCH = YES;
				COPY_PHASE_STRIP = NO;
				DEBUG_INFORMATION_FORMAT = "dwarf-with-dsym";
				ENABLE_NS_ASSERTIONS = NO;
				ENABLE_STRICT_OBJC_MSGSEND = YES;
				GCC_C_LANGUAGE_STANDARD = gnu11;
				GCC_NO_COMMON_BLOCKS = YES;
				GCC_WARN_64_TO_32_BIT_CONVERSION = YES;
				GCC_WARN_ABOUT_RETURN_TYPE = YES_ERROR;
				GCC_WARN_UNDECLARED_SELECTOR = YES;
				GCC_WARN_UNINITIALIZED_AUTOS = YES_AGGRESSIVE;
				GCC_WARN_UNUSED_FUNCTION = YES;
				GCC_WARN_UNUSED_VARIABLE = YES;
				IPHONEOS_DEPLOYMENT_TARGET = 13.4;
				MTL_ENABLE_DEBUG_INFO = NO;
				MTL_FAST_MATH = YES;
				SDKROOT = iphoneos;
				SWIFT_COMPILATION_MODE = wholemodule;
				SWIFT_OPTIMIZATION_LEVEL = "-O";
				VALIDATE_PRODUCT = YES;
			};
			name = Release;
		};
		E9FBD592246739AA009D59A6 /* Debug */ = {
			isa = XCBuildConfiguration;
			buildSettings = {
				ASSETCATALOG_COMPILER_APPICON_NAME = AppIcon;
				CODE_SIGN_STYLE = Automatic;
				DEVELOPMENT_TEAM = 54QJ85H7R3;
				INFOPLIST_FILE = JumpyBird/Info.plist;
				LD_RUNPATH_SEARCH_PATHS = (
					"$(inherited)",
					"@executable_path/Frameworks",
				);
				PRODUCT_BUNDLE_IDENTIFIER = com.example.JumpyBird;
				PRODUCT_NAME = "$(TARGET_NAME)";
				SWIFT_VERSION = 5.0;
				TARGETED_DEVICE_FAMILY = "1,2";
			};
			name = Debug;
		};
		E9FBD593246739AA009D59A6 /* Release */ = {
			isa = XCBuildConfiguration;
			buildSettings = {
				ASSETCATALOG_COMPILER_APPICON_NAME = AppIcon;
				CODE_SIGN_STYLE = Automatic;
				DEVELOPMENT_TEAM = 54QJ85H7R3;
				INFOPLIST_FILE = JumpyBird/Info.plist;
				LD_RUNPATH_SEARCH_PATHS = (
					"$(inherited)",
					"@executable_path/Frameworks",
				);
				PRODUCT_BUNDLE_IDENTIFIER = com.example.JumpyBird;
				PRODUCT_NAME = "$(TARGET_NAME)";
				SWIFT_VERSION = 5.0;
				TARGETED_DEVICE_FAMILY = "1,2";
			};
			name = Release;
		};
/* End XCBuildConfiguration section */

/* Begin XCConfigurationList section */
		E9FBD574246739A5009D59A6 /* Build configuration list for PBXProject "JumpBird" */ = {
			isa = XCConfigurationList;
			buildConfigurations = (
				E9FBD58F246739AA009D59A6 /* Debug */,
				E9FBD590246739AA009D59A6 /* Release */,
			);
			defaultConfigurationIsVisible = 0;
			defaultConfigurationName = Release;
		};
		E9FBD591246739AA009D59A6 /* Build configuration list for PBXNativeTarget "JumpBird" */ = {
			isa = XCConfigurationList;
			buildConfigurations = (
				E9FBD592246739AA009D59A6 /* Debug */,
				E9FBD593246739AA009D59A6 /* Release */,
			);
			defaultConfigurationIsVisible = 0;
			defaultConfigurationName = Release;
		};
/* End XCConfigurationList section */
	};
	rootObject = E9FBD571246739A5009D59A6 /* Project object */;
}
